PODS:
  - KLCPopup (1.0)
  - MWFeedParser (1.0.1):
    - MWFeedParser/FeedParser (= 1.0.1)
    - MWFeedParser/NSDate+InternetDateTime (= 1.0.1)
    - MWFeedParser/NSString+HTML (= 1.0.1)
  - MWFeedParser/FeedParser (1.0.1):
    - MWFeedParser/NSDate+InternetDateTime
    - MWFeedParser/NSString+HTML
  - MWFeedParser/NSDate+InternetDateTime (1.0.1)
  - MWFeedParser/NSString+HTML (1.0.1)
  - NJKWebViewProgress (0.2.3):
    - NJKWebViewProgress/Core (= 0.2.3)
    - NJKWebViewProgress/ProgressView (= 0.2.3)
  - NJKWebViewProgress/Core (0.2.3)
  - NJKWebViewProgress/ProgressView (0.2.3)
  - RKDropdownAlert (0.3.0)
  - StreamingKit (0.1.25)

DEPENDENCIES:
  - KLCPopup
  - MWFeedParser
  - NJKWebViewProgress
  - RKDropdownAlert
  - StreamingKit

SPEC CHECKSUMS:
  KLCPopup: 76c5a19227977f1e53d85236f9ef42257c168d98
  MWFeedParser: 2cf646014c1baf6ad1b08c480b40a08180079247
  NJKWebViewProgress: f481fd424cb5ecc27eacae11b5397db92fba9a4d
  RKDropdownAlert: f4b3364c251829ad439dc666836a1f2dad26f4c7
  StreamingKit: f00c054cfd0f59d88c8be7a2270e208302ce48c4

COCOAPODS: 0.37.2
